
Microsoft Visual Studio Solution File, Format Version 12.00
# Visual Studio Version 17
VisualStudioVersion = 17.3.32922.545
MinimumVisualStudioVersion = 10.0.40219.1
Project("{9A19103F-16F7-4668-BE54-9A1E7A4F7556}") = "CodeBlu", "CodeBlu\CodeBlu.csproj", "{C7CDADAA-DF2A-4556-A85B-341D9A6C8891}"
EndProject
Project("{9A19103F-16F7-4668-BE54-9A1E7A4F7556}") = "CodeBluMovil", "CodeBluMovil\CodeBluMovil.csproj", "{A21DDF0E-0B5D-4339-A8C5-0FCEBE6960C6}"
EndProject
Project("{FAE04EC0-301F-11D3-BF4B-00C04F79EFBC}") = "CodeBluCore", "CodeBluCore\CodeBluCore.csproj", "{ADD5B037-494F-4633-9777-CDCDF7C3008C}"
EndProject
Global
	GlobalSection(SolutionConfigurationPlatforms) = preSolution
		Debug|Any CPU = Debug|Any CPU
		Release|Any CPU = Release|Any CPU
	EndGlobalSection
	GlobalSection(ProjectConfigurationPlatforms) = postSolution
		{C7CDADAA-DF2A-4556-A85B-341D9A6C8891}.Debug|Any CPU.ActiveCfg = Debug|Any CPU
		{C7CDADAA-DF2A-4556-A85B-341D9A6C8891}.Debug|Any CPU.Build.0 = Debug|Any CPU
		{C7CDADAA-DF2A-4556-A85B-341D9A6C8891}.Release|Any CPU.ActiveCfg = Release|Any CPU
		{C7CDADAA-DF2A-4556-A85B-341D9A6C8891}.Release|Any CPU.Build.0 = Release|Any CPU
		{A21DDF0E-0B5D-4339-A8C5-0FCEBE6960C6}.Debug|Any CPU.ActiveCfg = Debug|Any CPU
		{A21DDF0E-0B5D-4339-A8C5-0FCEBE6960C6}.Debug|Any CPU.Build.0 = Debug|Any CPU
		{A21DDF0E-0B5D-4339-A8C5-0FCEBE6960C6}.Debug|Any CPU.Deploy.0 = Debug|Any CPU
		{A21DDF0E-0B5D-4339-A8C5-0FCEBE6960C6}.Release|Any CPU.ActiveCfg = Release|Any CPU
		{A21DDF0E-0B5D-4339-A8C5-0FCEBE6960C6}.Release|Any CPU.Build.0 = Release|Any CPU
		{A21DDF0E-0B5D-4339-A8C5-0FCEBE6960C6}.Release|Any CPU.Deploy.0 = Release|Any CPU
		{ADD5B037-494F-4633-9777-CDCDF7C3008C}.Debug|Any CPU.ActiveCfg = Debug|Any CPU
		{ADD5B037-494F-4633-9777-CDCDF7C3008C}.Debug|Any CPU.Build.0 = Debug|Any CPU
		{ADD5B037-494F-4633-9777-CDCDF7C3008C}.Release|Any CPU.ActiveCfg = Release|Any CPU
		{ADD5B037-494F-4633-9777-CDCDF7C3008C}.Release|Any CPU.Build.0 = Release|Any CPU
	EndGlobalSection
	GlobalSection(SolutionProperties) = preSolution
		HideSolutionNode = FALSE
	EndGlobalSection
	GlobalSection(ExtensibilityGlobals) = postSolution
		SolutionGuid = {2D6EC3B1-C03E-49DD-8DBC-A0AA080315B7}
	EndGlobalSection
EndGlobal
